
Microsoft Visual Studio Solution File, Format Version 12.00
# Visual Studio 15
Project("{FAE04EC0-301F-11D3-BF4B-00C04F79EFBC}") = "SecretNotebook", "SecretNotebook\SecretNotebook.csproj", "{1947B1FC-9BDA-499C-883C-52FB5977B5CC}"
EndProject
Global
	GlobalSection(SolutionConfigurationPlatforms) = preSolution
		Debug|Any CPU = Debug|Any CPU
		Release|Any CPU = Release|Any CPU
	EndGlobalSection
	GlobalSection(ProjectConfigurationPlatforms) = postSolution
		{1947B1FC-9BDA-499C-883C-52FB5977B5CC}.Debug|Any CPU.ActiveCfg = Debug|Any CPU
		{1947B1FC-9BDA-499C-883C-52FB5977B5CC}.Debug|Any CPU.Build.0 = Debug|Any CPU
		{1947B1FC-9BDA-499C-883C-52FB5977B5CC}.Release|Any CPU.ActiveCfg = Release|Any CPU
		{1947B1FC-9BDA-499C-883C-52FB5977B5CC}.Release|Any CPU.Build.0 = Release|Any CPU
	EndGlobalSection
EndGlobal
