
Microsoft Visual Studio Solution File, Format Version 12.00
# Visual Studio Version 16
VisualStudioVersion = 16.0.29920.165
MinimumVisualStudioVersion = 10.0.40219.1
Project("{9A19103F-16F7-4668-BE54-9A1E7A4F7556}") = "SecretNotebookTests", "SecretNotebookTests\SecretNotebookTests.csproj", "{C2B90535-F095-4737-99CD-6E48C087B2E7}"
EndProject
Project("{9A19103F-16F7-4668-BE54-9A1E7A4F7556}") = "SecretNotebook", "SecretNotebook\SecretNotebook.csproj", "{860232CD-50A1-4387-817F-0735743CD5FD}"
EndProject
Global
	GlobalSection(SolutionConfigurationPlatforms) = preSolution
		Debug|Any CPU = Debug|Any CPU
		Release|Any CPU = Release|Any CPU
	EndGlobalSection
	GlobalSection(ProjectConfigurationPlatforms) = postSolution
		{C2B90535-F095-4737-99CD-6E48C087B2E7}.Debug|Any CPU.ActiveCfg = Debug|Any CPU
		{C2B90535-F095-4737-99CD-6E48C087B2E7}.Debug|Any CPU.Build.0 = Debug|Any CPU
		{C2B90535-F095-4737-99CD-6E48C087B2E7}.Release|Any CPU.ActiveCfg = Release|Any CPU
		{C2B90535-F095-4737-99CD-6E48C087B2E7}.Release|Any CPU.Build.0 = Release|Any CPU
		{860232CD-50A1-4387-817F-0735743CD5FD}.Debug|Any CPU.ActiveCfg = Debug|Any CPU
		{860232CD-50A1-4387-817F-0735743CD5FD}.Debug|Any CPU.Build.0 = Debug|Any CPU
		{860232CD-50A1-4387-817F-0735743CD5FD}.Release|Any CPU.ActiveCfg = Release|Any CPU
		{860232CD-50A1-4387-817F-0735743CD5FD}.Release|Any CPU.Build.0 = Release|Any CPU
	EndGlobalSection
	GlobalSection(SolutionProperties) = preSolution
		HideSolutionNode = FALSE
	EndGlobalSection
	GlobalSection(ExtensibilityGlobals) = postSolution
		SolutionGuid = {3107EE65-56B5-40EA-AE10-7951C0691292}
	EndGlobalSection
EndGlobal
